
Microsoft Visual Studio Solution File, Format Version 12.00
# Visual Studio Version 17
VisualStudioVersion = 17.9.34723.18
MinimumVisualStudioVersion = 10.0.40219.1
Project("{FAE04EC0-301F-11D3-BF4B-00C04F79EFBC}") = "Online Learning Platform", "Online Learning Platform.csproj", "{3FED5E19-1204-4D37-B51E-62A6061CA5E4}"
EndProject
Global
	GlobalSection(SolutionConfigurationPlatforms) = preSolution
		Debug|Any CPU = Debug|Any CPU
		Release|Any CPU = Release|Any CPU
	EndGlobalSection
	GlobalSection(ProjectConfigurationPlatforms) = postSolution
		{3FED5E19-1204-4D37-B51E-62A6061CA5E4}.Debug|Any CPU.ActiveCfg = Debug|Any CPU
		{3FED5E19-1204-4D37-B51E-62A6061CA5E4}.Debug|Any CPU.Build.0 = Debug|Any CPU
		{3FED5E19-1204-4D37-B51E-62A6061CA5E4}.Release|Any CPU.ActiveCfg = Release|Any CPU
		{3FED5E19-1204-4D37-B51E-62A6061CA5E4}.Release|Any CPU.Build.0 = Release|Any CPU
	EndGlobalSection
	GlobalSection(SolutionProperties) = preSolution
		HideSolutionNode = FALSE
	EndGlobalSection
	GlobalSection(ExtensibilityGlobals) = postSolution
		SolutionGuid = {F6CDB04F-3CC7-47C3-88F8-DCD4374D0CCC}
	EndGlobalSection
EndGlobal
